{
  "name": "@trz/serialize",
  "version": "0.1.0",
  "lockfileVersion": 2,
  "requires": true,
  "packages": {
    "": {
      "name": "@trz/serialize",
      "version": "0.1.0",
      "license": "MIT",
      "dependencies": {
        "@trz/type": "^0.2.9"
      }
    },
    "node_modules/@trz/type": {
      "version": "0.2.9",
      "resolved": "https://registry.npmjs.org/@trz/type/-/type-0.2.9.tgz",
      "integrity": "sha512-irasn1fgstPO9aC6DKG0rU4DmBbEc2hML5f8Fq9XN17lAVBMnHEy8twp1O6Wkdnbt2ipTN4FBnVy8Q7Yb6GfTg=="
    }
  },
  "dependencies": {
    "@trz/type": {
      "version": "0.2.9",
      "resolved": "https://registry.npmjs.org/@trz/type/-/type-0.2.9.tgz",
      "integrity": "sha512-irasn1fgstPO9aC6DKG0rU4DmBbEc2hML5f8Fq9XN17lAVBMnHEy8twp1O6Wkdnbt2ipTN4FBnVy8Q7Yb6GfTg=="
    }
  }
}
